%{
  "absinthe": {:hex, :absinthe, "1.4.13", "81eb2ff41f1b62cd6e992955f62c22c042d1079b7936c27f5f7c2c806b8fc436", [:mix], [{:dataloader, "~> 1.0.0", [hex: :dataloader, repo: "hexpm", optional: true]}, {:decimal, "~> 1.0", [hex: :decimal, repo: "hexpm", optional: true]}], "hexpm"},
  "absinthe_ecto": {:git, "https://github.com/mgwidmann/absinthe_ecto.git", "3b000b3cbe30b6d8f3b4493ad473d530bf7aaf33", [branch: "1.4.0-beta"]},
  "absinthe_phoenix": {:git, "https://github.com/absinthe-graphql/absinthe_phoenix.git", "9a15263b8bdbc4c599ffa8ab24453938ba90e6bd", []},
  "absinthe_plug": {:hex, :absinthe_plug, "1.4.2", "01bf16f0a637869bcc0a1919935f08ff853501004e7549ddaa3a7788deb48965", [:mix], [{:absinthe, "~> 1.4", [hex: :absinthe, optional: false]}, {:plug, "~> 1.3.2 or ~> 1.4", [hex: :plug, optional: false]}]},
  "absinthe_relay": {:hex, :absinthe_relay, "1.4.2", "3f0fb926fe03a90d7da41fe62a790dafca2fcdd29c2028a6b9830f848aa97b67", [:mix], [{:absinthe, "~> 1.4", [hex: :absinthe, optional: false]}, {:ecto, "~> 2.0", [hex: :ecto, optional: true]}]},
  "base64url": {:hex, :base64url, "0.0.1", "36a90125f5948e3afd7be97662a1504b934dd5dac78451ca6e9abf85a10286be", [:rebar], []},
  "certifi": {:hex, :certifi, "2.0.0", "a0c0e475107135f76b8c1d5bc7efb33cd3815cb3cf3dea7aefdd174dabead064", [:rebar3], []},
  "comeonin": {:hex, :comeonin, "2.6.0", "74c288338b33205f9ce97e2117bb9a2aaab103a1811d243443d76fdb62f904ac", [:make, :mix], []},
  "connection": {:hex, :connection, "1.0.4", "a1cae72211f0eef17705aaededacac3eb30e6625b04a6117c1b2db6ace7d5976", [:mix], []},
  "cors_plug": {:hex, :cors_plug, "1.5.0", "6311ea6ac9fb78b987df52a7654136626a7a0c3b77f83da265f952a24f2fc1b0", [:mix], [{:plug, "~> 1.4", [hex: :plug, optional: false]}]},
  "corsica": {:hex, :corsica, "1.1.1", "8fbcccb5006decb6aeb35132d3a3f9e27dce70f6e021c53875392f408832c16f", [:mix], [{:cowboy, "~> 1.0", [hex: :cowboy, optional: false]}, {:plug, "~> 1.0", [hex: :plug, optional: false]}]},
  "cowboy": {:hex, :cowboy, "1.1.2", "61ac29ea970389a88eca5a65601460162d370a70018afe6f949a29dca91f3bb0", [:rebar3], [{:cowlib, "~> 1.0.2", [hex: :cowlib, optional: false]}, {:ranch, "~> 1.3.2", [hex: :ranch, optional: false]}]},
  "cowlib": {:hex, :cowlib, "1.0.2", "9d769a1d062c9c3ac753096f868ca121e2730b9a377de23dec0f7e08b1df84ee", [:make], []},
  "db_connection": {:hex, :db_connection, "1.1.2", "2865c2a4bae0714e2213a0ce60a1b12d76a6efba0c51fbda59c9ab8d1accc7a8", [:mix], [{:connection, "~> 1.0.2", [hex: :connection, optional: false]}, {:poolboy, "~> 1.5", [hex: :poolboy, optional: true]}, {:sbroker, "~> 1.0", [hex: :sbroker, optional: true]}]},
  "decimal": {:hex, :decimal, "1.6.0", "bfd84d90ff966e1f5d4370bdd3943432d8f65f07d3bab48001aebd7030590dcc", [:mix], [], "hexpm"},
  "ecto": {:hex, :ecto, "2.2.5", "f1ebe297c6a895f81cddf5176b71670a91373e74a8012a24c8f195bf01db90f0", [:mix], [{:db_connection, "~> 1.1", [hex: :db_connection, optional: true]}, {:decimal, "~> 1.2", [hex: :decimal, optional: false]}, {:mariaex, "~> 0.8.0", [hex: :mariaex, optional: true]}, {:poison, "~> 2.2 or ~> 3.0", [hex: :poison, optional: true]}, {:poolboy, "~> 1.5", [hex: :poolboy, optional: false]}, {:postgrex, "~> 0.13.0", [hex: :postgrex, optional: true]}, {:sbroker, "~> 1.0", [hex: :sbroker, optional: true]}]},
  "ex_aws": {:hex, :ex_aws, "2.0.2", "8df2f96f58624a399abe5a0ce26db648ee848aca6393b9c65c939ece9ac07bfa", [:mix], [{:configparser_ex, "~> 2.0", [hex: :configparser_ex, optional: true]}, {:hackney, "1.6.3 or 1.6.5 or 1.7.1 or 1.8.6 or ~> 1.9", [hex: :hackney, optional: true]}, {:jsx, "~> 2.8", [hex: :jsx, optional: true]}, {:poison, ">= 1.2.0", [hex: :poison, optional: true]}, {:sweet_xml, "~> 0.6", [hex: :sweet_xml, optional: true]}, {:xml_builder, "~> 0.1.0", [hex: :xml_builder, optional: true]}]},
  "ex_aws_s3": {:hex, :ex_aws_s3, "2.0.0", "404e7951820d79774cb67b76a1576ad955dcc44773be5a75fbb0b5bc4278a524", [:mix], [{:ex_aws, "~> 2.0.0", [hex: :ex_aws, optional: false]}]},
  "ex_aws_sqs": {:hex, :ex_aws_sqs, "2.0.1", "42b19229e39353da3c5a36718d13abc61a1acf38e0a309a8a5ef4d813883fb97", [:mix], [{:ex_aws, "~> 2.0", [hex: :ex_aws, repo: "hexpm", optional: false]}], "hexpm"},
  "file_info": {:hex, :file_info, "0.0.2", "c43a63f7b5ac3acc6303b6ebbecaeaed89d209b17b6457df9e9a62737b550066", [:mix], [{:mimetype_parser, "~> 0.1.2", [hex: :mimetype_parser, optional: false]}]},
  "file_system": {:hex, :file_system, "0.2.1", "c4bec8f187d2aabace4beb890f0d4e468f65ca051593db768e533a274d0df587", [:mix], []},
  "gettext": {:hex, :gettext, "0.13.1", "5e0daf4e7636d771c4c71ad5f3f53ba09a9ae5c250e1ab9c42ba9edccc476263", [:mix], []},
  "guardian": {:hex, :guardian, "1.0.1", "db0fbaf571c3b874785818b7272eaf5f1ed97a2f9b1f8bc5dc8b0fb8f8f7bb06", [:mix], [{:jose, "~> 1.8", [hex: :jose, optional: false]}, {:phoenix, "~> 1.0 or ~> 1.2 or ~> 1.3", [hex: :phoenix, optional: true]}, {:plug, "~> 1.3.3 or ~> 1.4", [hex: :plug, optional: true]}, {:poison, "~> 2.2 or ~> 3.0", [hex: :poison, optional: false]}, {:uuid, ">= 1.1.1", [hex: :uuid, optional: false]}]},
  "hackney": {:hex, :hackney, "1.11.0", "4951ee019df102492dabba66a09e305f61919a8a183a7860236c0fde586134b6", [:rebar3], [{:certifi, "2.0.0", [hex: :certifi, optional: false]}, {:idna, "5.1.0", [hex: :idna, optional: false]}, {:metrics, "1.0.1", [hex: :metrics, optional: false]}, {:mimerl, "1.0.2", [hex: :mimerl, optional: false]}, {:ssl_verify_fun, "1.1.1", [hex: :ssl_verify_fun, optional: false]}]},
  "honeydew": {:hex, :honeydew, "1.0.4", "7e69e7ce8cfb067392b9dc26636706733b13bc43bc3b61d910e952248c325578", [:mix], []},
  "hound": {:hex, :hound, "1.0.4", "31db3c013f0ed321b5eb4c573bf3fbc0b74e12fc8da134f9f616527bf0906431", [:mix], [{:hackney, "~> 1.5", [hex: :hackney, optional: false]}, {:poison, ">= 1.4.0", [hex: :poison, optional: false]}]},
  "httpoison": {:hex, :httpoison, "1.0.0", "1f02f827148d945d40b24f0b0a89afe40bfe037171a6cf70f2486976d86921cd", [:mix], [{:hackney, "~> 1.8", [hex: :hackney, optional: false]}]},
  "idna": {:hex, :idna, "5.1.0", "d72b4effeb324ad5da3cab1767cb16b17939004e789d8c0ad5b70f3cea20c89a", [:rebar3], [{:unicode_util_compat, "0.3.1", [hex: :unicode_util_compat, optional: false]}]},
  "jose": {:hex, :jose, "1.8.4", "7946d1e5c03a76ac9ef42a6e6a20001d35987afd68c2107bcd8f01a84e75aa73", [:mix, :rebar3], [{:base64url, "~> 0.0.1", [hex: :base64url, optional: false]}]},
  "metrics": {:hex, :metrics, "1.0.1", "25f094dea2cda98213cecc3aeff09e940299d950904393b2a29d191c346a8486", [:rebar3], []},
  "mime": {:hex, :mime, "1.2.0", "78adaa84832b3680de06f88f0997e3ead3b451a440d183d688085be2d709b534", [:mix], []},
  "mimerl": {:hex, :mimerl, "1.0.2", "993f9b0e084083405ed8252b99460c4f0563e41729ab42d9074fd5e52439be88", [:rebar3], []},
  "mimetype_parser": {:hex, :mimetype_parser, "0.1.3", "628ac9fe56aa7edcedb534d68397dd66674ab82493c8ebe39acb9a19b666099d", [:mix], []},
  "phoenix": {:hex, :phoenix, "1.3.2", "2a00d751f51670ea6bc3f2ba4e6eb27ecb8a2c71e7978d9cd3e5de5ccf7378bd", [:mix], [{:cowboy, "~> 1.0", [hex: :cowboy, optional: true]}, {:phoenix_pubsub, "~> 1.0", [hex: :phoenix_pubsub, optional: false]}, {:plug, "~> 1.3.3 or ~> 1.4", [hex: :plug, optional: false]}, {:poison, "~> 2.2 or ~> 3.0", [hex: :poison, optional: false]}]},
  "phoenix_ecto": {:hex, :phoenix_ecto, "3.3.0", "702f6e164512853d29f9d20763493f2b3bcfcb44f118af2bc37bb95d0801b480", [:mix], [{:ecto, "~> 2.1", [hex: :ecto, optional: false]}, {:phoenix_html, "~> 2.9", [hex: :phoenix_html, optional: true]}, {:plug, "~> 1.0", [hex: :plug, optional: false]}]},
  "phoenix_html": {:hex, :phoenix_html, "2.10.4", "d4f99c32d5dc4918b531fdf163e1fd7cf20acdd7703f16f5d02d4db36de803b7", [:mix], [{:plug, "~> 1.0", [hex: :plug, optional: false]}]},
  "phoenix_live_reload": {:hex, :phoenix_live_reload, "1.1.2", "dfd31cc1eb091533b4419bbdb67bec9767bb26c9fe09602e6cca313fab5302d0", [:mix], [{:file_system, "~> 0.2.1 or ~> 0.3", [hex: :file_system, optional: false]}, {:phoenix, "~> 1.0 or ~> 1.2 or ~> 1.3", [hex: :phoenix, optional: false]}]},
  "phoenix_pubsub": {:hex, :phoenix_pubsub, "1.0.2", "bfa7fd52788b5eaa09cb51ff9fcad1d9edfeb68251add458523f839392f034c1", [:mix], []},
  "plug": {:hex, :plug, "1.5.0", "224b25b4039bedc1eac149fb52ed456770b9678bbf0349cdd810460e1e09195b", [:mix], [{:cowboy, "~> 1.0.1 or ~> 1.1 or ~> 2.1", [hex: :cowboy, optional: true]}, {:mime, "~> 1.0", [hex: :mime, optional: false]}]},
  "poison": {:hex, :poison, "3.0.0", "625ebd64d33ae2e65201c2c14d6c85c27cc8b68f2d0dd37828fde9c6920dd131", [:mix], []},
  "poolboy": {:hex, :poolboy, "1.5.1", "6b46163901cfd0a1b43d692657ed9d7e599853b3b21b95ae5ae0a777cf9b6ca8", [:rebar], []},
  "porcelain": {:hex, :porcelain, "2.0.3", "2d77b17d1f21fed875b8c5ecba72a01533db2013bd2e5e62c6d286c029150fdc", [:mix], []},
  "postgrex": {:hex, :postgrex, "0.13.3", "c277cfb2a9c5034d445a722494c13359e361d344ef6f25d604c2353185682bfc", [:mix], [{:connection, "~> 1.0", [hex: :connection, optional: false]}, {:db_connection, "~> 1.1", [hex: :db_connection, optional: false]}, {:decimal, "~> 1.0", [hex: :decimal, optional: false]}]},
  "ranch": {:hex, :ranch, "1.3.2", "e4965a144dc9fbe70e5c077c65e73c57165416a901bd02ea899cfd95aa890986", [:rebar3], []},
  "ssl_verify_fun": {:hex, :ssl_verify_fun, "1.1.1", "28a4d65b7f59893bc2c7de786dec1e1555bd742d336043fe644ae956c3497fbe", [:make, :rebar], []},
  "sweet_xml": {:hex, :sweet_xml, "0.6.5", "dd9cde443212b505d1b5f9758feb2000e66a14d3c449f04c572f3048c66e6697", [:mix], []},
  "unicode_util_compat": {:hex, :unicode_util_compat, "0.3.1", "a1f612a7b512638634a603c8f401892afbf99b8ce93a45041f8aaca99cadb85e", [:rebar3], []},
  "uuid": {:hex, :uuid, "1.1.8", "e22fc04499de0de3ed1116b770c7737779f226ceefa0badb3592e64d5cfb4eb9", [:mix], []},
}
